
Microsoft Visual Studio Solution File, Format Version 12.00
# Visual Studio Version 17
VisualStudioVersion = 17.14.36301.6 d17.14
MinimumVisualStudioVersion = 10.0.40219.1
Project("{C9674DCB-5085-4A16-B785-4C70DD1589BD}") = "Fashion_ETL_Demo", "Fashion_ETL_Demo\Fashion_ETL_Demo.dtproj", "{99C581CF-F9D5-E7C0-485A-0EF35832A987}"
EndProject
Global
	GlobalSection(SolutionConfigurationPlatforms) = preSolution
		Development|Default = Development|Default
	EndGlobalSection
	GlobalSection(ProjectConfigurationPlatforms) = postSolution
		{99C581CF-F9D5-E7C0-485A-0EF35832A987}.Development|Default.ActiveCfg = Development
		{99C581CF-F9D5-E7C0-485A-0EF35832A987}.Development|Default.Build.0 = Development
	EndGlobalSection
	GlobalSection(SolutionProperties) = preSolution
		HideSolutionNode = FALSE
	EndGlobalSection
	GlobalSection(ExtensibilityGlobals) = postSolution
		SolutionGuid = {D186885E-1B59-4B14-AA32-A388267FF750}
	EndGlobalSection
EndGlobal
